// !$*UTF8*$!
{
	archiveVersion = 1;
	classes = {
	};
	objectVersion = 46;
	objects = {

/* Begin PBXBuildFile section */
		1D3623260D0F684500981E51 /* AudioSampleAppDelegate.m in Sources */ = {isa = PBXBuildFile; fileRef = 1D3623250D0F684500981E51 /* AudioSampleAppDelegate.m */; };
		1D60589B0D05DD56006BFB54 /* main.m in Sources */ = {isa = PBXBuildFile; fileRef = 29B97316FDCFA39411CA2CEA /* main.m */; };
		1D60589F0D05DD5A006BFB54 /* Foundation.framework in Frameworks */ = {isa = PBXBuildFile; fileRef = 1D30AB110D05D00D00671497 /* Foundation.framework */; };
		1DF5F4E00D08C38300B7A737 /* UIKit.framework in Frameworks */ = {isa = PBXBuildFile; fileRef = 1DF5F4DF0D08C38300B7A737 /* UIKit.framework */; };
		2892E4100DC94CBA00A64D0F /* CoreGraphics.framework in Frameworks */ = {isa = PBXBuildFile; fileRef = 2892E40F0DC94CBA00A64D0F /* CoreGraphics.framework */; };
		28AD73600D9D9599002E5188 /* MainWindow.xib in Resources */ = {isa = PBXBuildFile; fileRef = 28AD735F0D9D9599002E5188 /* MainWindow.xib */; };
		28C286E10D94DF7D0034E888 /* RootViewController.m in Sources */ = {isa = PBXBuildFile; fileRef = 28C286E00D94DF7D0034E888 /* RootViewController.m */; };
		28F335F11007B36200424DE2 /* RootViewController.xib in Resources */ = {isa = PBXBuildFile; fileRef = 28F335F01007B36200424DE2 /* RootViewController.xib */; };
		FA3D997E105EA8850075FE34 /* AppleOpenALSupport.c in Sources */ = {isa = PBXBuildFile; fileRef = FA3D9979105EA8850075FE34 /* AppleOpenALSupport.c */; };
		FA3D997F105EA8850075FE34 /* CMOpenALSound.m in Sources */ = {isa = PBXBuildFile; fileRef = FA3D997B105EA8850075FE34 /* CMOpenALSound.m */; };
		FA3D9980105EA8850075FE34 /* CMOpenALSoundManager.m in Sources */ = {isa = PBXBuildFile; fileRef = FA3D997D105EA8850075FE34 /* CMOpenALSoundManager.m */; };
		FA3D9986105EA88A0075FE34 /* DebugOutput.m in Sources */ = {isa = PBXBuildFile; fileRef = FA3D9985105EA88A0075FE34 /* DebugOutput.m */; };
		FA3D9988105EA8920075FE34 /* OpenAL.framework in Frameworks */ = {isa = PBXBuildFile; fileRef = FA3D9987105EA8920075FE34 /* OpenAL.framework */; };
		FA3D998A105EA8970075FE34 /* AudioToolbox.framework in Frameworks */ = {isa = PBXBuildFile; fileRef = FA3D9989105EA8970075FE34 /* AudioToolbox.framework */; };
		FA3D998C105EA89A0075FE34 /* AVFoundation.framework in Frameworks */ = {isa = PBXBuildFile; fileRef = FA3D998B105EA89A0075FE34 /* AVFoundation.framework */; };
		FA3D99AE105EAC4E0075FE34 /* Start.caf in Resources */ = {isa = PBXBuildFile; fileRef = FA3D99AC105EAC4E0075FE34 /* Start.caf */; };
		FA3D99AF105EAC4E0075FE34 /* backgroundLoop.m4a in Resources */ = {isa = PBXBuildFile; fileRef = FA3D99AD105EAC4E0075FE34 /* backgroundLoop.m4a */; };
		FA3D99B9105EAC920075FE34 /* volumedown.png in Resources */ = {isa = PBXBuildFile; fileRef = FA3D99B7105EAC920075FE34 /* volumedown.png */; };
		FA3D99BA105EAC920075FE34 /* volumeup.png in Resources */ = {isa = PBXBuildFile; fileRef = FA3D99B8105EAC920075FE34 /* volumeup.png */; };
		FA4A19C0152D3EE300FDB704 /* engine.caf in Resources */ = {isa = PBXBuildFile; fileRef = FA4A19BF152D3EE300FDB704 /* engine.caf */; };
/* End PBXBuildFile section */

/* Begin PBXFileReference section */
		1D30AB110D05D00D00671497 /* Foundation.framework */ = {isa = PBXFileReference; lastKnownFileType = wrapper.framework; name = Foundation.framework; path = System/Library/Frameworks/Foundation.framework; sourceTree = SDKROOT; };
		1D3623240D0F684500981E51 /* AudioSampleAppDelegate.h */ = {isa = PBXFileReference; fileEncoding = 4; lastKnownFileType = sourcecode.c.h; path = AudioSampleAppDelegate.h; sourceTree = "<group>"; };
		1D3623250D0F684500981E51 /* AudioSampleAppDelegate.m */ = {isa = PBXFileReference; fileEncoding = 4; lastKnownFileType = sourcecode.c.objc; path = AudioSampleAppDelegate.m; sourceTree = "<group>"; };
		1D6058910D05DD3D006BFB54 /* AudioSample.app */ = {isa = PBXFileReference; explicitFileType = wrapper.application; includeInIndex = 0; path = AudioSample.app; sourceTree = BUILT_PRODUCTS_DIR; };
		1DF5F4DF0D08C38300B7A737 /* UIKit.framework */ = {isa = PBXFileReference; lastKnownFileType = wrapper.framework; name = UIKit.framework; path = System/Library/Frameworks/UIKit.framework; sourceTree = SDKROOT; };
		2892E40F0DC94CBA00A64D0F /* CoreGraphics.framework */ = {isa = PBXFileReference; lastKnownFileType = wrapper.framework; name = CoreGraphics.framework; path = System/Library/Frameworks/CoreGraphics.framework; sourceTree = SDKROOT; };
		28A0AAE50D9B0CCF005BE974 /* AudioSample_Prefix.pch */ = {isa = PBXFileReference; fileEncoding = 4; lastKnownFileType = sourcecode.c.h; path = AudioSample_Prefix.pch; sourceTree = "<group>"; };
		28AD735F0D9D9599002E5188 /* MainWindow.xib */ = {isa = PBXFileReference; lastKnownFileType = file.xib; path = MainWindow.xib; sourceTree = "<group>"; };
		28C286DF0D94DF7D0034E888 /* RootViewController.h */ = {isa = PBXFileReference; fileEncoding = 4; lastKnownFileType = sourcecode.c.h; path = RootViewController.h; sourceTree = "<group>"; };
		28C286E00D94DF7D0034E888 /* RootViewController.m */ = {isa = PBXFileReference; fileEncoding = 4; lastKnownFileType = sourcecode.c.objc; path = RootViewController.m; sourceTree = "<group>"; };
		28F335F01007B36200424DE2 /* RootViewController.xib */ = {isa = PBXFileReference; lastKnownFileType = file.xib; path = RootViewController.xib; sourceTree = "<group>"; };
		29B97316FDCFA39411CA2CEA /* main.m */ = {isa = PBXFileReference; fileEncoding = 4; lastKnownFileType = sourcecode.c.objc; path = main.m; sourceTree = "<group>"; };
		8D1107310486CEB800E47090 /* AudioSample-Info.plist */ = {isa = PBXFileReference; fileEncoding = 4; lastKnownFileType = text.plist.xml; path = "AudioSample-Info.plist"; plistStructureDefinitionIdentifier = "com.apple.xcode.plist.structure-definition.iphone.info-plist"; sourceTree = "<group>"; };
		FA3D9978105EA8850075FE34 /* AppleOpenALSupport.h */ = {isa = PBXFileReference; fileEncoding = 4; lastKnownFileType = sourcecode.c.h; path = AppleOpenALSupport.h; sourceTree = "<group>"; };
		FA3D9979105EA8850075FE34 /* AppleOpenALSupport.c */ = {isa = PBXFileReference; fileEncoding = 4; lastKnownFileType = sourcecode.c.c; path = AppleOpenALSupport.c; sourceTree = "<group>"; };
		FA3D997A105EA8850075FE34 /* CMOpenALSound.h */ = {isa = PBXFileReference; fileEncoding = 4; lastKnownFileType = sourcecode.c.h; path = CMOpenALSound.h; sourceTree = "<group>"; };
		FA3D997B105EA8850075FE34 /* CMOpenALSound.m */ = {isa = PBXFileReference; fileEncoding = 4; lastKnownFileType = sourcecode.c.objc; path = CMOpenALSound.m; sourceTree = "<group>"; };
		FA3D997C105EA8850075FE34 /* CMOpenALSoundManager.h */ = {isa = PBXFileReference; fileEncoding = 4; lastKnownFileType = sourcecode.c.h; path = CMOpenALSoundManager.h; sourceTree = "<group>"; };
		FA3D997D105EA8850075FE34 /* CMOpenALSoundManager.m */ = {isa = PBXFileReference; fileEncoding = 4; lastKnownFileType = sourcecode.c.objc; path = CMOpenALSoundManager.m; sourceTree = "<group>"; };
		FA3D9984105EA88A0075FE34 /* DebugOutput.h */ = {isa = PBXFileReference; fileEncoding = 4; lastKnownFileType = sourcecode.c.h; path = DebugOutput.h; sourceTree = "<group>"; };
		FA3D9985105EA88A0075FE34 /* DebugOutput.m */ = {isa = PBXFileReference; fileEncoding = 4; lastKnownFileType = sourcecode.c.objc; path = DebugOutput.m; sourceTree = "<group>"; };
		FA3D9987105EA8920075FE34 /* OpenAL.framework */ = {isa = PBXFileReference; lastKnownFileType = wrapper.framework; name = OpenAL.framework; path = System/Library/Frameworks/OpenAL.framework; sourceTree = SDKROOT; };
		FA3D9989105EA8970075FE34 /* AudioToolbox.framework */ = {isa = PBXFileReference; lastKnownFileType = wrapper.framework; name = AudioToolbox.framework; path = System/Library/Frameworks/AudioToolbox.framework; sourceTree = SDKROOT; };
		FA3D998B105EA89A0075FE34 /* AVFoundation.framework */ = {isa = PBXFileReference; lastKnownFileType = wrapper.framework; name = AVFoundation.framework; path = System/Library/Frameworks/AVFoundation.framework; sourceTree = SDKROOT; };
		FA3D998E105EA8A50075FE34 /* SynthesizeSingleton.h */ = {isa = PBXFileReference; fileEncoding = 4; lastKnownFileType = sourcecode.c.h; path = SynthesizeSingleton.h; sourceTree = "<group>"; };
		FA3D99AC105EAC4E0075FE34 /* Start.caf */ = {isa = PBXFileReference; lastKnownFileType = file; path = Start.caf; sourceTree = "<group>"; };
		FA3D99AD105EAC4E0075FE34 /* backgroundLoop.m4a */ = {isa = PBXFileReference; lastKnownFileType = file; path = backgroundLoop.m4a; sourceTree = "<group>"; };
		FA3D99B7105EAC920075FE34 /* volumedown.png */ = {isa = PBXFileReference; lastKnownFileType = image.png; path = volumedown.png; sourceTree = "<group>"; };
		FA3D99B8105EAC920075FE34 /* volumeup.png */ = {isa = PBXFileReference; lastKnownFileType = image.png; path = volumeup.png; sourceTree = "<group>"; };
		FA4A19BF152D3EE300FDB704 /* engine.caf */ = {isa = PBXFileReference; lastKnownFileType = file; path = engine.caf; sourceTree = "<group>"; };
		FA4CE6D515F2E2E900544934 /* Readme.markdown */ = {isa = PBXFileReference; fileEncoding = 4; lastKnownFileType = text; path = Readme.markdown; sourceTree = SOURCE_ROOT; };
		FA74238210A87F4300342F0E /* License */ = {isa = PBXFileReference; fileEncoding = 4; lastKnownFileType = text; name = License; path = ../License; sourceTree = "<group>"; };
/* End PBXFileReference section */

/* Begin PBXFrameworksBuildPhase section */
		1D60588F0D05DD3D006BFB54 /* Frameworks */ = {
			isa = PBXFrameworksBuildPhase;
			buildActionMask = 2147483647;
			files = (
				1D60589F0D05DD5A006BFB54 /* Foundation.framework in Frameworks */,
				1DF5F4E00D08C38300B7A737 /* UIKit.framework in Frameworks */,
				2892E4100DC94CBA00A64D0F /* CoreGraphics.framework in Frameworks */,
				FA3D9988105EA8920075FE34 /* OpenAL.framework in Frameworks */,
				FA3D998A105EA8970075FE34 /* AudioToolbox.framework in Frameworks */,
				FA3D998C105EA89A0075FE34 /* AVFoundation.framework in Frameworks */,
			);
			runOnlyForDeploymentPostprocessing = 0;
		};
/* End PBXFrameworksBuildPhase section */

/* Begin PBXGroup section */
		080E96DDFE201D6D7F000001 /* Classes */ = {
			isa = PBXGroup;
			children = (
				FA4CE6D515F2E2E900544934 /* Readme.markdown */,
				FA74238210A87F4300342F0E /* License */,
				FA3D9983105EA88A0075FE34 /* Debug */,
				FA3D9977105EA8850075FE34 /* SoundEngine */,
				28C286DF0D94DF7D0034E888 /* RootViewController.h */,
				28C286E00D94DF7D0034E888 /* RootViewController.m */,
				1D3623240D0F684500981E51 /* AudioSampleAppDelegate.h */,
				1D3623250D0F684500981E51 /* AudioSampleAppDelegate.m */,
			);
			path = Classes;
			sourceTree = "<group>";
		};
		19C28FACFE9D520D11CA2CBB /* Products */ = {
			isa = PBXGroup;
			children = (
				1D6058910D05DD3D006BFB54 /* AudioSample.app */,
			);
			name = Products;
			sourceTree = "<group>";
		};
		29B97314FDCFA39411CA2CEA /* CustomTemplate */ = {
			isa = PBXGroup;
			children = (
				080E96DDFE201D6D7F000001 /* Classes */,
				29B97315FDCFA39411CA2CEA /* Other Sources */,
				29B97317FDCFA39411CA2CEA /* Resources */,
				29B97323FDCFA39411CA2CEA /* Frameworks */,
				19C28FACFE9D520D11CA2CBB /* Products */,
				FA3D9987105EA8920075FE34 /* OpenAL.framework */,
				FA3D9989105EA8970075FE34 /* AudioToolbox.framework */,
				FA3D998B105EA89A0075FE34 /* AVFoundation.framework */,
			);
			name = CustomTemplate;
			sourceTree = "<group>";
		};
		29B97315FDCFA39411CA2CEA /* Other Sources */ = {
			isa = PBXGroup;
			children = (
				28A0AAE50D9B0CCF005BE974 /* AudioSample_Prefix.pch */,
				29B97316FDCFA39411CA2CEA /* main.m */,
			);
			name = "Other Sources";
			sourceTree = "<group>";
		};
		29B97317FDCFA39411CA2CEA /* Resources */ = {
			isa = PBXGroup;
			children = (
				FA3D99B7105EAC920075FE34 /* volumedown.png */,
				FA3D99B8105EAC920075FE34 /* volumeup.png */,
				FA3D99AC105EAC4E0075FE34 /* Start.caf */,
				FA4A19BF152D3EE300FDB704 /* engine.caf */,
				FA3D99AD105EAC4E0075FE34 /* backgroundLoop.m4a */,
				28F335F01007B36200424DE2 /* RootViewController.xib */,
				28AD735F0D9D9599002E5188 /* MainWindow.xib */,
				8D1107310486CEB800E47090 /* AudioSample-Info.plist */,
			);
			name = Resources;
			sourceTree = "<group>";
		};
		29B97323FDCFA39411CA2CEA /* Frameworks */ = {
			isa = PBXGroup;
			children = (
				1DF5F4DF0D08C38300B7A737 /* UIKit.framework */,
				1D30AB110D05D00D00671497 /* Foundation.framework */,
				2892E40F0DC94CBA00A64D0F /* CoreGraphics.framework */,
			);
			name = Frameworks;
			sourceTree = "<group>";
		};
		FA3D9977105EA8850075FE34 /* SoundEngine */ = {
			isa = PBXGroup;
			children = (
				FA3D998E105EA8A50075FE34 /* SynthesizeSingleton.h */,
				FA3D9978105EA8850075FE34 /* AppleOpenALSupport.h */,
				FA3D9979105EA8850075FE34 /* AppleOpenALSupport.c */,
				FA3D997A105EA8850075FE34 /* CMOpenALSound.h */,
				FA3D997B105EA8850075FE34 /* CMOpenALSound.m */,
				FA3D997C105EA8850075FE34 /* CMOpenALSoundManager.h */,
				FA3D997D105EA8850075FE34 /* CMOpenALSoundManager.m */,
			);
			name = SoundEngine;
			sourceTree = "<group>";
		};
		FA3D9983105EA88A0075FE34 /* Debug */ = {
			isa = PBXGroup;
			children = (
				FA3D9984105EA88A0075FE34 /* DebugOutput.h */,
				FA3D9985105EA88A0075FE34 /* DebugOutput.m */,
			);
			name = Debug;
			sourceTree = "<group>";
		};
/* End PBXGroup section */

/* Begin PBXNativeTarget section */
		1D6058900D05DD3D006BFB54 /* AudioSample */ = {
			isa = PBXNativeTarget;
			buildConfigurationList = 1D6058960D05DD3E006BFB54 /* Build configuration list for PBXNativeTarget "AudioSample" */;
			buildPhases = (
				1D60588D0D05DD3D006BFB54 /* Resources */,
				1D60588E0D05DD3D006BFB54 /* Sources */,
				1D60588F0D05DD3D006BFB54 /* Frameworks */,
			);
			buildRules = (
			);
			dependencies = (
			);
			name = AudioSample;
			productName = AudioSample;
			productReference = 1D6058910D05DD3D006BFB54 /* AudioSample.app */;
			productType = "com.apple.product-type.application";
		};
/* End PBXNativeTarget section */

/* Begin PBXProject section */
		29B97313FDCFA39411CA2CEA /* Project object */ = {
			isa = PBXProject;
			attributes = {
				LastUpgradeCheck = 0440;
			};
			buildConfigurationList = C01FCF4E08A954540054247B /* Build configuration list for PBXProject "AudioSample" */;
			compatibilityVersion = "Xcode 3.2";
			developmentRegion = English;
			hasScannedForEncodings = 1;
			knownRegions = (
				English,
				Japanese,
				French,
				German,
				en,
			);
			mainGroup = 29B97314FDCFA39411CA2CEA /* CustomTemplate */;
			projectDirPath = "";
			projectRoot = "";
			targets = (
				1D6058900D05DD3D006BFB54 /* AudioSample */,
			);
		};
/* End PBXProject section */

/* Begin PBXResourcesBuildPhase section */
		1D60588D0D05DD3D006BFB54 /* Resources */ = {
			isa = PBXResourcesBuildPhase;
			buildActionMask = 2147483647;
			files = (
				28AD73600D9D9599002E5188 /* MainWindow.xib in Resources */,
				28F335F11007B36200424DE2 /* RootViewController.xib in Resources */,
				FA3D99AE105EAC4E0075FE34 /* Start.caf in Resources */,
				FA3D99AF105EAC4E0075FE34 /* backgroundLoop.m4a in Resources */,
				FA3D99B9105EAC920075FE34 /* volumedown.png in Resources */,
				FA3D99BA105EAC920075FE34 /* volumeup.png in Resources */,
				FA4A19C0152D3EE300FDB704 /* engine.caf in Resources */,
			);
			runOnlyForDeploymentPostprocessing = 0;
		};
/* End PBXResourcesBuildPhase section */

/* Begin PBXSourcesBuildPhase section */
		1D60588E0D05DD3D006BFB54 /* Sources */ = {
			isa = PBXSourcesBuildPhase;
			buildActionMask = 2147483647;
			files = (
				1D60589B0D05DD56006BFB54 /* main.m in Sources */,
				1D3623260D0F684500981E51 /* AudioSampleAppDelegate.m in Sources */,
				28C286E10D94DF7D0034E888 /* RootViewController.m in Sources */,
				FA3D997E105EA8850075FE34 /* AppleOpenALSupport.c in Sources */,
				FA3D997F105EA8850075FE34 /* CMOpenALSound.m in Sources */,
				FA3D9980105EA8850075FE34 /* CMOpenALSoundManager.m in Sources */,
				FA3D9986105EA88A0075FE34 /* DebugOutput.m in Sources */,
			);
			runOnlyForDeploymentPostprocessing = 0;
		};
/* End PBXSourcesBuildPhase section */

/* Begin XCBuildConfiguration section */
		1D6058940D05DD3E006BFB54 /* Debug */ = {
			isa = XCBuildConfiguration;
			buildSettings = {
				ALWAYS_SEARCH_USER_PATHS = NO;
				COPY_PHASE_STRIP = NO;
				GCC_DYNAMIC_NO_PIC = NO;
				GCC_OPTIMIZATION_LEVEL = 0;
				GCC_PRECOMPILE_PREFIX_HEADER = YES;
				GCC_PREFIX_HEADER = AudioSample_Prefix.pch;
				INFOPLIST_FILE = "AudioSample-Info.plist";
				PRODUCT_NAME = AudioSample;
			};
			name = Debug;
		};
		1D6058950D05DD3E006BFB54 /* Release */ = {
			isa = XCBuildConfiguration;
			buildSettings = {
				ALWAYS_SEARCH_USER_PATHS = NO;
				COPY_PHASE_STRIP = YES;
				GCC_PRECOMPILE_PREFIX_HEADER = YES;
				GCC_PREFIX_HEADER = AudioSample_Prefix.pch;
				INFOPLIST_FILE = "AudioSample-Info.plist";
				PRODUCT_NAME = AudioSample;
			};
			name = Release;
		};
		C01FCF4F08A954540054247B /* Debug */ = {
			isa = XCBuildConfiguration;
			buildSettings = {
				ARCHS = "$(ARCHS_STANDARD_32_BIT)";
				"CODE_SIGN_IDENTITY[sdk=iphoneos*]" = "iPhone Developer";
				GCC_C_LANGUAGE_STANDARD = c99;
				GCC_WARN_ABOUT_RETURN_TYPE = YES;
				GCC_WARN_UNUSED_VARIABLE = YES;
				SDKROOT = iphoneos;
			};
			name = Debug;
		};
		C01FCF5008A954540054247B /* Release */ = {
			isa = XCBuildConfiguration;
			buildSettings = {
				ARCHS = "$(ARCHS_STANDARD_32_BIT)";
				"CODE_SIGN_IDENTITY[sdk=iphoneos*]" = "iPhone Developer";
				GCC_C_LANGUAGE_STANDARD = c99;
				GCC_WARN_ABOUT_RETURN_TYPE = YES;
				GCC_WARN_UNUSED_VARIABLE = YES;
				SDKROOT = iphoneos;
			};
			name = Release;
		};
/* End XCBuildConfiguration section */

/* Begin XCConfigurationList section */
		1D6058960D05DD3E006BFB54 /* Build configuration list for PBXNativeTarget "AudioSample" */ = {
			isa = XCConfigurationList;
			buildConfigurations = (
				1D6058940D05DD3E006BFB54 /* Debug */,
				1D6058950D05DD3E006BFB54 /* Release */,
			);
			defaultConfigurationIsVisible = 0;
			defaultConfigurationName = Release;
		};
		C01FCF4E08A954540054247B /* Build configuration list for PBXProject "AudioSample" */ = {
			isa = XCConfigurationList;
			buildConfigurations = (
				C01FCF4F08A954540054247B /* Debug */,
				C01FCF5008A954540054247B /* Release */,
			);
			defaultConfigurationIsVisible = 0;
			defaultConfigurationName = Release;
		};
/* End XCConfigurationList section */
	};
	rootObject = 29B97313FDCFA39411CA2CEA /* Project object */;
}
